
Microsoft Visual Studio Solution File, Format Version 12.00
# Visual Studio 15
VisualStudioVersion = 15.0.28307.271
MinimumVisualStudioVersion = 10.0.40219.1
Project("{FAE04EC0-301F-11D3-BF4B-00C04F79EFBC}") = "EMR.Android", "EMR\EMR.Android\EMR.Android.csproj", "{CE3CF93E-58E5-46B6-BD6E-C9C3AD8954AB}"
EndProject
Project("{FAE04EC0-301F-11D3-BF4B-00C04F79EFBC}") = "EMR.iOS", "EMR\EMR.iOS\EMR.iOS.csproj", "{BF2D7146-4926-4C4D-9825-8147C259792A}"
EndProject
Project("{FAE04EC0-301F-11D3-BF4B-00C04F79EFBC}") = "EMR", "EMR\EMR\EMR.csproj", "{23A7CCB6-99E0-4FA0-B658-6BB9B516E182}"
EndProject
Global
	GlobalSection(SolutionConfigurationPlatforms) = preSolution
		Ad-Hoc|Any CPU = Ad-Hoc|Any CPU
		Ad-Hoc|iPhone = Ad-Hoc|iPhone
		Ad-Hoc|iPhoneSimulator = Ad-Hoc|iPhoneSimulator
		AppStore|Any CPU = AppStore|Any CPU
		AppStore|iPhone = AppStore|iPhone
		AppStore|iPhoneSimulator = AppStore|iPhoneSimulator
		Debug|Any CPU = Debug|Any CPU
		Debug|iPhone = Debug|iPhone
		Debug|iPhoneSimulator = Debug|iPhoneSimulator
		Release|Any CPU = Release|Any CPU
		Release|iPhone = Release|iPhone
		Release|iPhoneSimulator = Release|iPhoneSimulator
	EndGlobalSection
	GlobalSection(ProjectConfigurationPlatforms) = postSolution
		{CE3CF93E-58E5-46B6-BD6E-C9C3AD8954AB}.Ad-Hoc|Any CPU.ActiveCfg = Release|Any CPU
		{CE3CF93E-58E5-46B6-BD6E-C9C3AD8954AB}.Ad-Hoc|Any CPU.Build.0 = Release|Any CPU
		{CE3CF93E-58E5-46B6-BD6E-C9C3AD8954AB}.Ad-Hoc|Any CPU.Deploy.0 = Release|Any CPU
		{CE3CF93E-58E5-46B6-BD6E-C9C3AD8954AB}.Ad-Hoc|iPhone.ActiveCfg = Release|Any CPU
		{CE3CF93E-58E5-46B6-BD6E-C9C3AD8954AB}.Ad-Hoc|iPhone.Build.0 = Release|Any CPU
		{CE3CF93E-58E5-46B6-BD6E-C9C3AD8954AB}.Ad-Hoc|iPhone.Deploy.0 = Release|Any CPU
		{CE3CF93E-58E5-46B6-BD6E-C9C3AD8954AB}.Ad-Hoc|iPhoneSimulator.ActiveCfg = Release|Any CPU
		{CE3CF93E-58E5-46B6-BD6E-C9C3AD8954AB}.Ad-Hoc|iPhoneSimulator.Build.0 = Release|Any CPU
		{CE3CF93E-58E5-46B6-BD6E-C9C3AD8954AB}.Ad-Hoc|iPhoneSimulator.Deploy.0 = Release|Any CPU
		{CE3CF93E-58E5-46B6-BD6E-C9C3AD8954AB}.AppStore|Any CPU.ActiveCfg = Release|Any CPU
		{CE3CF93E-58E5-46B6-BD6E-C9C3AD8954AB}.AppStore|Any CPU.Build.0 = Release|Any CPU
		{CE3CF93E-58E5-46B6-BD6E-C9C3AD8954AB}.AppStore|Any CPU.Deploy.0 = Release|Any CPU
		{CE3CF93E-58E5-46B6-BD6E-C9C3AD8954AB}.AppStore|iPhone.ActiveCfg = Release|Any CPU
		{CE3CF93E-58E5-46B6-BD6E-C9C3AD8954AB}.AppStore|iPhone.Build.0 = Release|Any CPU
		{CE3CF93E-58E5-46B6-BD6E-C9C3AD8954AB}.AppStore|iPhone.Deploy.0 = Release|Any CPU
		{CE3CF93E-58E5-46B6-BD6E-C9C3AD8954AB}.AppStore|iPhoneSimulator.ActiveCfg = Release|Any CPU
		{CE3CF93E-58E5-46B6-BD6E-C9C3AD8954AB}.AppStore|iPhoneSimulator.Build.0 = Release|Any CPU
		{CE3CF93E-58E5-46B6-BD6E-C9C3AD8954AB}.AppStore|iPhoneSimulator.Deploy.0 = Release|Any CPU
		{CE3CF93E-58E5-46B6-BD6E-C9C3AD8954AB}.Debug|Any CPU.ActiveCfg = Debug|Any CPU
		{CE3CF93E-58E5-46B6-BD6E-C9C3AD8954AB}.Debug|Any CPU.Build.0 = Debug|Any CPU
		{CE3CF93E-58E5-46B6-BD6E-C9C3AD8954AB}.Debug|Any CPU.Deploy.0 = Debug|Any CPU
		{CE3CF93E-58E5-46B6-BD6E-C9C3AD8954AB}.Debug|iPhone.ActiveCfg = Debug|Any CPU
		{CE3CF93E-58E5-46B6-BD6E-C9C3AD8954AB}.Debug|iPhone.Build.0 = Debug|Any CPU
		{CE3CF93E-58E5-46B6-BD6E-C9C3AD8954AB}.Debug|iPhone.Deploy.0 = Debug|Any CPU
		{CE3CF93E-58E5-46B6-BD6E-C9C3AD8954AB}.Debug|iPhoneSimulator.ActiveCfg = Debug|Any CPU
		{CE3CF93E-58E5-46B6-BD6E-C9C3AD8954AB}.Debug|iPhoneSimulator.Build.0 = Debug|Any CPU
		{CE3CF93E-58E5-46B6-BD6E-C9C3AD8954AB}.Debug|iPhoneSimulator.Deploy.0 = Debug|Any CPU
		{CE3CF93E-58E5-46B6-BD6E-C9C3AD8954AB}.Release|Any CPU.ActiveCfg = Release|Any CPU
		{CE3CF93E-58E5-46B6-BD6E-C9C3AD8954AB}.Release|Any CPU.Build.0 = Release|Any CPU
		{CE3CF93E-58E5-46B6-BD6E-C9C3AD8954AB}.Release|Any CPU.Deploy.0 = Release|Any CPU
		{CE3CF93E-58E5-46B6-BD6E-C9C3AD8954AB}.Release|iPhone.ActiveCfg = Release|Any CPU
		{CE3CF93E-58E5-46B6-BD6E-C9C3AD8954AB}.Release|iPhone.Build.0 = Release|Any CPU
		{CE3CF93E-58E5-46B6-BD6E-C9C3AD8954AB}.Release|iPhone.Deploy.0 = Release|Any CPU
		{CE3CF93E-58E5-46B6-BD6E-C9C3AD8954AB}.Release|iPhoneSimulator.ActiveCfg = Release|Any CPU
		{CE3CF93E-58E5-46B6-BD6E-C9C3AD8954AB}.Release|iPhoneSimulator.Build.0 = Release|Any CPU
		{CE3CF93E-58E5-46B6-BD6E-C9C3AD8954AB}.Release|iPhoneSimulator.Deploy.0 = Release|Any CPU
		{BF2D7146-4926-4C4D-9825-8147C259792A}.Ad-Hoc|Any CPU.ActiveCfg = Ad-Hoc|iPhone
		{BF2D7146-4926-4C4D-9825-8147C259792A}.Ad-Hoc|Any CPU.Build.0 = Ad-Hoc|iPhone
		{BF2D7146-4926-4C4D-9825-8147C259792A}.Ad-Hoc|Any CPU.Deploy.0 = Ad-Hoc|iPhone
		{BF2D7146-4926-4C4D-9825-8147C259792A}.Ad-Hoc|iPhone.ActiveCfg = Ad-Hoc|iPhone
		{BF2D7146-4926-4C4D-9825-8147C259792A}.Ad-Hoc|iPhone.Build.0 = Ad-Hoc|iPhone
		{BF2D7146-4926-4C4D-9825-8147C259792A}.Ad-Hoc|iPhone.Deploy.0 = Ad-Hoc|iPhone
		{BF2D7146-4926-4C4D-9825-8147C259792A}.Ad-Hoc|iPhoneSimulator.ActiveCfg = Ad-Hoc|iPhoneSimulator
		{BF2D7146-4926-4C4D-9825-8147C259792A}.Ad-Hoc|iPhoneSimulator.Build.0 = Ad-Hoc|iPhoneSimulator
		{BF2D7146-4926-4C4D-9825-8147C259792A}.Ad-Hoc|iPhoneSimulator.Deploy.0 = Ad-Hoc|iPhoneSimulator
		{BF2D7146-4926-4C4D-9825-8147C259792A}.AppStore|Any CPU.ActiveCfg = AppStore|iPhone
		{BF2D7146-4926-4C4D-9825-8147C259792A}.AppStore|Any CPU.Build.0 = AppStore|iPhone
		{BF2D7146-4926-4C4D-9825-8147C259792A}.AppStore|Any CPU.Deploy.0 = AppStore|iPhone
		{BF2D7146-4926-4C4D-9825-8147C259792A}.AppStore|iPhone.ActiveCfg = AppStore|iPhone
		{BF2D7146-4926-4C4D-9825-8147C259792A}.AppStore|iPhone.Build.0 = AppStore|iPhone
		{BF2D7146-4926-4C4D-9825-8147C259792A}.AppStore|iPhone.Deploy.0 = AppStore|iPhone
		{BF2D7146-4926-4C4D-9825-8147C259792A}.AppStore|iPhoneSimulator.ActiveCfg = AppStore|iPhoneSimulator
		{BF2D7146-4926-4C4D-9825-8147C259792A}.AppStore|iPhoneSimulator.Build.0 = AppStore|iPhoneSimulator
		{BF2D7146-4926-4C4D-9825-8147C259792A}.AppStore|iPhoneSimulator.Deploy.0 = AppStore|iPhoneSimulator
		{BF2D7146-4926-4C4D-9825-8147C259792A}.Debug|Any CPU.ActiveCfg = Debug|iPhoneSimulator
		{BF2D7146-4926-4C4D-9825-8147C259792A}.Debug|Any CPU.Build.0 = Debug|iPhoneSimulator
		{BF2D7146-4926-4C4D-9825-8147C259792A}.Debug|Any CPU.Deploy.0 = Debug|iPhoneSimulator
		{BF2D7146-4926-4C4D-9825-8147C259792A}.Debug|iPhone.ActiveCfg = Debug|iPhone
		{BF2D7146-4926-4C4D-9825-8147C259792A}.Debug|iPhone.Build.0 = Debug|iPhone
		{BF2D7146-4926-4C4D-9825-8147C259792A}.Debug|iPhone.Deploy.0 = Debug|iPhone
		{BF2D7146-4926-4C4D-9825-8147C259792A}.Debug|iPhoneSimulator.ActiveCfg = Debug|iPhoneSimulator
		{BF2D7146-4926-4C4D-9825-8147C259792A}.Debug|iPhoneSimulator.Build.0 = Debug|iPhoneSimulator
		{BF2D7146-4926-4C4D-9825-8147C259792A}.Debug|iPhoneSimulator.Deploy.0 = Debug|iPhoneSimulator
		{BF2D7146-4926-4C4D-9825-8147C259792A}.Release|Any CPU.ActiveCfg = Release|iPhone
		{BF2D7146-4926-4C4D-9825-8147C259792A}.Release|Any CPU.Build.0 = Release|iPhone
		{BF2D7146-4926-4C4D-9825-8147C259792A}.Release|Any CPU.Deploy.0 = Release|iPhone
		{BF2D7146-4926-4C4D-9825-8147C259792A}.Release|iPhone.ActiveCfg = Release|iPhone
		{BF2D7146-4926-4C4D-9825-8147C259792A}.Release|iPhone.Build.0 = Release|iPhone
		{BF2D7146-4926-4C4D-9825-8147C259792A}.Release|iPhone.Deploy.0 = Release|iPhone
		{BF2D7146-4926-4C4D-9825-8147C259792A}.Release|iPhoneSimulator.ActiveCfg = Release|iPhoneSimulator
		{BF2D7146-4926-4C4D-9825-8147C259792A}.Release|iPhoneSimulator.Build.0 = Release|iPhoneSimulator
		{BF2D7146-4926-4C4D-9825-8147C259792A}.Release|iPhoneSimulator.Deploy.0 = Release|iPhoneSimulator
		{23A7CCB6-99E0-4FA0-B658-6BB9B516E182}.Ad-Hoc|Any CPU.ActiveCfg = Debug|Any CPU
		{23A7CCB6-99E0-4FA0-B658-6BB9B516E182}.Ad-Hoc|Any CPU.Build.0 = Debug|Any CPU
		{23A7CCB6-99E0-4FA0-B658-6BB9B516E182}.Ad-Hoc|Any CPU.Deploy.0 = Debug|Any CPU
		{23A7CCB6-99E0-4FA0-B658-6BB9B516E182}.Ad-Hoc|iPhone.ActiveCfg = Debug|Any CPU
		{23A7CCB6-99E0-4FA0-B658-6BB9B516E182}.Ad-Hoc|iPhone.Build.0 = Debug|Any CPU
		{23A7CCB6-99E0-4FA0-B658-6BB9B516E182}.Ad-Hoc|iPhone.Deploy.0 = Debug|Any CPU
		{23A7CCB6-99E0-4FA0-B658-6BB9B516E182}.Ad-Hoc|iPhoneSimulator.ActiveCfg = Debug|Any CPU
		{23A7CCB6-99E0-4FA0-B658-6BB9B516E182}.Ad-Hoc|iPhoneSimulator.Build.0 = Debug|Any CPU
		{23A7CCB6-99E0-4FA0-B658-6BB9B516E182}.Ad-Hoc|iPhoneSimulator.Deploy.0 = Debug|Any CPU
		{23A7CCB6-99E0-4FA0-B658-6BB9B516E182}.AppStore|Any CPU.ActiveCfg = Debug|Any CPU
		{23A7CCB6-99E0-4FA0-B658-6BB9B516E182}.AppStore|Any CPU.Build.0 = Debug|Any CPU
		{23A7CCB6-99E0-4FA0-B658-6BB9B516E182}.AppStore|Any CPU.Deploy.0 = Debug|Any CPU
		{23A7CCB6-99E0-4FA0-B658-6BB9B516E182}.AppStore|iPhone.ActiveCfg = Debug|Any CPU
		{23A7CCB6-99E0-4FA0-B658-6BB9B516E182}.AppStore|iPhone.Build.0 = Debug|Any CPU
		{23A7CCB6-99E0-4FA0-B658-6BB9B516E182}.AppStore|iPhone.Deploy.0 = Debug|Any CPU
		{23A7CCB6-99E0-4FA0-B658-6BB9B516E182}.AppStore|iPhoneSimulator.ActiveCfg = Debug|Any CPU
		{23A7CCB6-99E0-4FA0-B658-6BB9B516E182}.AppStore|iPhoneSimulator.Build.0 = Debug|Any CPU
		{23A7CCB6-99E0-4FA0-B658-6BB9B516E182}.AppStore|iPhoneSimulator.Deploy.0 = Debug|Any CPU
		{23A7CCB6-99E0-4FA0-B658-6BB9B516E182}.Debug|Any CPU.ActiveCfg = Debug|Any CPU
		{23A7CCB6-99E0-4FA0-B658-6BB9B516E182}.Debug|Any CPU.Build.0 = Debug|Any CPU
		{23A7CCB6-99E0-4FA0-B658-6BB9B516E182}.Debug|Any CPU.Deploy.0 = Debug|Any CPU
		{23A7CCB6-99E0-4FA0-B658-6BB9B516E182}.Debug|iPhone.ActiveCfg = Debug|Any CPU
		{23A7CCB6-99E0-4FA0-B658-6BB9B516E182}.Debug|iPhone.Build.0 = Debug|Any CPU
		{23A7CCB6-99E0-4FA0-B658-6BB9B516E182}.Debug|iPhone.Deploy.0 = Debug|Any CPU
		{23A7CCB6-99E0-4FA0-B658-6BB9B516E182}.Debug|iPhoneSimulator.ActiveCfg = Debug|Any CPU
		{23A7CCB6-99E0-4FA0-B658-6BB9B516E182}.Debug|iPhoneSimulator.Build.0 = Debug|Any CPU
		{23A7CCB6-99E0-4FA0-B658-6BB9B516E182}.Debug|iPhoneSimulator.Deploy.0 = Debug|Any CPU
		{23A7CCB6-99E0-4FA0-B658-6BB9B516E182}.Release|Any CPU.ActiveCfg = Release|Any CPU
		{23A7CCB6-99E0-4FA0-B658-6BB9B516E182}.Release|Any CPU.Build.0 = Release|Any CPU
		{23A7CCB6-99E0-4FA0-B658-6BB9B516E182}.Release|Any CPU.Deploy.0 = Release|Any CPU
		{23A7CCB6-99E0-4FA0-B658-6BB9B516E182}.Release|iPhone.ActiveCfg = Release|Any CPU
		{23A7CCB6-99E0-4FA0-B658-6BB9B516E182}.Release|iPhone.Build.0 = Release|Any CPU
		{23A7CCB6-99E0-4FA0-B658-6BB9B516E182}.Release|iPhone.Deploy.0 = Release|Any CPU
		{23A7CCB6-99E0-4FA0-B658-6BB9B516E182}.Release|iPhoneSimulator.ActiveCfg = Release|Any CPU
		{23A7CCB6-99E0-4FA0-B658-6BB9B516E182}.Release|iPhoneSimulator.Build.0 = Release|Any CPU
		{23A7CCB6-99E0-4FA0-B658-6BB9B516E182}.Release|iPhoneSimulator.Deploy.0 = Release|Any CPU
	EndGlobalSection
	GlobalSection(SolutionProperties) = preSolution
		HideSolutionNode = FALSE
	EndGlobalSection
	GlobalSection(ExtensibilityGlobals) = postSolution
		SolutionGuid = {AA62F456-CA8C-4179-A8ED-8CECE13BA44E}
	EndGlobalSection
EndGlobal
